
Microsoft Visual Studio Solution File, Format Version 12.00
# Visual Studio Version 17
VisualStudioVersion = 17.11.35312.102
MinimumVisualStudioVersion = 10.0.40219.1
Project("{2150E333-8FDC-42A3-9474-1A3956D46DE8}") = "src", "src", "{A8301013-CFC3-4381-885A-858E8FAA8C1A}"
EndProject
Project("{2150E333-8FDC-42A3-9474-1A3956D46DE8}") = "tests", "tests", "{0E543EBA-537D-4CE1-9EBB-CC83A90E5E2E}"
EndProject
Project("{9A19103F-16F7-4668-BE54-9A1E7A4F7556}") = "CashFlow.Api", "src\CashFlow.Api\CashFlow.Api.csproj", "{F254FFF5-1B4B-4F06-8A41-239DB4CF6C47}"
EndProject
Project("{9A19103F-16F7-4668-BE54-9A1E7A4F7556}") = "CashFlow.Application", "src\CashFlow.Application\CashFlow.Application.csproj", "{527A56AF-C7B2-4847-92C8-EE424D54B3D8}"
EndProject
Project("{9A19103F-16F7-4668-BE54-9A1E7A4F7556}") = "CashFlow.Communication", "src\CashFlow.Communication\CashFlow.Communication.csproj", "{5D3FD50C-1A60-4B3B-9DD1-9CB8C48C218D}"
EndProject
Project("{9A19103F-16F7-4668-BE54-9A1E7A4F7556}") = "CashFlow.Domain", "src\CashFlow.Domain\CashFlow.Domain.csproj", "{3238FF19-F7FB-400D-8461-ADB9311A9D88}"
EndProject
Project("{9A19103F-16F7-4668-BE54-9A1E7A4F7556}") = "CashFlow.Exception", "src\CashFlow.Exception\CashFlow.Exception.csproj", "{8ABD7748-7DAD-450F-B4DD-56206EDFC70F}"
EndProject
Project("{9A19103F-16F7-4668-BE54-9A1E7A4F7556}") = "CashFlow.Infrastructure", "src\CashFlow.Infrastructure\CashFlow.Infrastructure.csproj", "{29E9CC54-E1E2-443B-B0F4-372915ED7088}"
EndProject
Project("{FAE04EC0-301F-11D3-BF4B-00C04F79EFBC}") = "Validators.Test", "tests\Validators.Test\Validators.Test.csproj", "{172E2A7F-BA07-4C4D-92F9-A79F95D7185C}"
EndProject
Project("{FAE04EC0-301F-11D3-BF4B-00C04F79EFBC}") = "CummonTestUtilities", "tests\CummonTestUtilities\CummonTestUtilities.csproj", "{1D0043FC-78D3-4C4A-8692-1D1EAABA105D}"
EndProject
Project("{FAE04EC0-301F-11D3-BF4B-00C04F79EFBC}") = "WebApi.Test", "tests\WebApi.Test\WebApi.Test.csproj", "{F8B42E60-C7FF-498D-897D-C680BA03F948}"
EndProject
Project("{FAE04EC0-301F-11D3-BF4B-00C04F79EFBC}") = "UseCase.Test", "tests\UseCase.Test\UseCase.Test.csproj", "{A29BD3C4-30A0-4176-BF57-24A507F15D83}"
EndProject
Global
	GlobalSection(SolutionConfigurationPlatforms) = preSolution
		Debug|Any CPU = Debug|Any CPU
		Release|Any CPU = Release|Any CPU
	EndGlobalSection
	GlobalSection(ProjectConfigurationPlatforms) = postSolution
		{F254FFF5-1B4B-4F06-8A41-239DB4CF6C47}.Debug|Any CPU.ActiveCfg = Debug|Any CPU
		{F254FFF5-1B4B-4F06-8A41-239DB4CF6C47}.Debug|Any CPU.Build.0 = Debug|Any CPU
		{F254FFF5-1B4B-4F06-8A41-239DB4CF6C47}.Release|Any CPU.ActiveCfg = Release|Any CPU
		{F254FFF5-1B4B-4F06-8A41-239DB4CF6C47}.Release|Any CPU.Build.0 = Release|Any CPU
		{527A56AF-C7B2-4847-92C8-EE424D54B3D8}.Debug|Any CPU.ActiveCfg = Debug|Any CPU
		{527A56AF-C7B2-4847-92C8-EE424D54B3D8}.Debug|Any CPU.Build.0 = Debug|Any CPU
		{527A56AF-C7B2-4847-92C8-EE424D54B3D8}.Release|Any CPU.ActiveCfg = Release|Any CPU
		{527A56AF-C7B2-4847-92C8-EE424D54B3D8}.Release|Any CPU.Build.0 = Release|Any CPU
		{5D3FD50C-1A60-4B3B-9DD1-9CB8C48C218D}.Debug|Any CPU.ActiveCfg = Debug|Any CPU
		{5D3FD50C-1A60-4B3B-9DD1-9CB8C48C218D}.Debug|Any CPU.Build.0 = Debug|Any CPU
		{5D3FD50C-1A60-4B3B-9DD1-9CB8C48C218D}.Release|Any CPU.ActiveCfg = Release|Any CPU
		{5D3FD50C-1A60-4B3B-9DD1-9CB8C48C218D}.Release|Any CPU.Build.0 = Release|Any CPU
		{3238FF19-F7FB-400D-8461-ADB9311A9D88}.Debug|Any CPU.ActiveCfg = Debug|Any CPU
		{3238FF19-F7FB-400D-8461-ADB9311A9D88}.Debug|Any CPU.Build.0 = Debug|Any CPU
		{3238FF19-F7FB-400D-8461-ADB9311A9D88}.Release|Any CPU.ActiveCfg = Release|Any CPU
		{3238FF19-F7FB-400D-8461-ADB9311A9D88}.Release|Any CPU.Build.0 = Release|Any CPU
		{8ABD7748-7DAD-450F-B4DD-56206EDFC70F}.Debug|Any CPU.ActiveCfg = Debug|Any CPU
		{8ABD7748-7DAD-450F-B4DD-56206EDFC70F}.Debug|Any CPU.Build.0 = Debug|Any CPU
		{8ABD7748-7DAD-450F-B4DD-56206EDFC70F}.Release|Any CPU.ActiveCfg = Release|Any CPU
		{8ABD7748-7DAD-450F-B4DD-56206EDFC70F}.Release|Any CPU.Build.0 = Release|Any CPU
		{29E9CC54-E1E2-443B-B0F4-372915ED7088}.Debug|Any CPU.ActiveCfg = Debug|Any CPU
		{29E9CC54-E1E2-443B-B0F4-372915ED7088}.Debug|Any CPU.Build.0 = Debug|Any CPU
		{29E9CC54-E1E2-443B-B0F4-372915ED7088}.Release|Any CPU.ActiveCfg = Release|Any CPU
		{29E9CC54-E1E2-443B-B0F4-372915ED7088}.Release|Any CPU.Build.0 = Release|Any CPU
		{172E2A7F-BA07-4C4D-92F9-A79F95D7185C}.Debug|Any CPU.ActiveCfg = Debug|Any CPU
		{172E2A7F-BA07-4C4D-92F9-A79F95D7185C}.Debug|Any CPU.Build.0 = Debug|Any CPU
		{172E2A7F-BA07-4C4D-92F9-A79F95D7185C}.Release|Any CPU.ActiveCfg = Release|Any CPU
		{172E2A7F-BA07-4C4D-92F9-A79F95D7185C}.Release|Any CPU.Build.0 = Release|Any CPU
		{1D0043FC-78D3-4C4A-8692-1D1EAABA105D}.Debug|Any CPU.ActiveCfg = Debug|Any CPU
		{1D0043FC-78D3-4C4A-8692-1D1EAABA105D}.Debug|Any CPU.Build.0 = Debug|Any CPU
		{1D0043FC-78D3-4C4A-8692-1D1EAABA105D}.Release|Any CPU.ActiveCfg = Release|Any CPU
		{1D0043FC-78D3-4C4A-8692-1D1EAABA105D}.Release|Any CPU.Build.0 = Release|Any CPU
		{F8B42E60-C7FF-498D-897D-C680BA03F948}.Debug|Any CPU.ActiveCfg = Debug|Any CPU
		{F8B42E60-C7FF-498D-897D-C680BA03F948}.Debug|Any CPU.Build.0 = Debug|Any CPU
		{F8B42E60-C7FF-498D-897D-C680BA03F948}.Release|Any CPU.ActiveCfg = Release|Any CPU
		{F8B42E60-C7FF-498D-897D-C680BA03F948}.Release|Any CPU.Build.0 = Release|Any CPU
		{A29BD3C4-30A0-4176-BF57-24A507F15D83}.Debug|Any CPU.ActiveCfg = Debug|Any CPU
		{A29BD3C4-30A0-4176-BF57-24A507F15D83}.Debug|Any CPU.Build.0 = Debug|Any CPU
		{A29BD3C4-30A0-4176-BF57-24A507F15D83}.Release|Any CPU.ActiveCfg = Release|Any CPU
		{A29BD3C4-30A0-4176-BF57-24A507F15D83}.Release|Any CPU.Build.0 = Release|Any CPU
	EndGlobalSection
	GlobalSection(SolutionProperties) = preSolution
		HideSolutionNode = FALSE
	EndGlobalSection
	GlobalSection(NestedProjects) = preSolution
		{F254FFF5-1B4B-4F06-8A41-239DB4CF6C47} = {A8301013-CFC3-4381-885A-858E8FAA8C1A}
		{527A56AF-C7B2-4847-92C8-EE424D54B3D8} = {A8301013-CFC3-4381-885A-858E8FAA8C1A}
		{5D3FD50C-1A60-4B3B-9DD1-9CB8C48C218D} = {A8301013-CFC3-4381-885A-858E8FAA8C1A}
		{3238FF19-F7FB-400D-8461-ADB9311A9D88} = {A8301013-CFC3-4381-885A-858E8FAA8C1A}
		{8ABD7748-7DAD-450F-B4DD-56206EDFC70F} = {A8301013-CFC3-4381-885A-858E8FAA8C1A}
		{29E9CC54-E1E2-443B-B0F4-372915ED7088} = {A8301013-CFC3-4381-885A-858E8FAA8C1A}
		{172E2A7F-BA07-4C4D-92F9-A79F95D7185C} = {0E543EBA-537D-4CE1-9EBB-CC83A90E5E2E}
		{1D0043FC-78D3-4C4A-8692-1D1EAABA105D} = {0E543EBA-537D-4CE1-9EBB-CC83A90E5E2E}
		{F8B42E60-C7FF-498D-897D-C680BA03F948} = {0E543EBA-537D-4CE1-9EBB-CC83A90E5E2E}
		{A29BD3C4-30A0-4176-BF57-24A507F15D83} = {0E543EBA-537D-4CE1-9EBB-CC83A90E5E2E}
	EndGlobalSection
	GlobalSection(ExtensibilityGlobals) = postSolution
		SolutionGuid = {E28CFB2B-F69E-4BAA-83F3-3D11B2B96719}
	EndGlobalSection
EndGlobal
